{
  "name": "css-browser-support",
  "version": "0.5.0",
  "lockfileVersion": 2,
  "requires": true,
  "packages": {
    "": {
      "name": "css-browser-support",
      "version": "0.5.0",
      "license": "ISC",
      "dependencies": {
        "@mdn/browser-compat-data": "^5.2.61",
        "caniuse-lite": "^1.0.30001492"
      }
    },
    "node_modules/@mdn/browser-compat-data": {
      "version": "5.2.61",
      "resolved": "https://registry.npmjs.org/@mdn/browser-compat-data/-/browser-compat-data-5.2.61.tgz",
      "integrity": "sha512-jzPrheqEtrnUWWNUS8SFVbQAnoO6rOXetkjiJyzP92UM+BNcyExLD0Qikv9z6TU9D6A9rbXkh3pSmZ5G88d6ew=="
    },
    "node_modules/caniuse-lite": {
      "version": "1.0.30001492",
      "resolved": "https://registry.npmjs.org/caniuse-lite/-/caniuse-lite-1.0.30001492.tgz",
      "integrity": "sha512-2efF8SAZwgAX1FJr87KWhvuJxnGJKOnctQa8xLOskAXNXq8oiuqgl6u1kk3fFpsp3GgvzlRjiK1sl63hNtFADw==",
      "funding": [
        {
          "type": "opencollective",
          "url": "https://opencollective.com/browserslist"
        },
        {
          "type": "tidelift",
          "url": "https://tidelift.com/funding/github/npm/caniuse-lite"
        },
        {
          "type": "github",
          "url": "https://github.com/sponsors/ai"
        }
      ]
    }
  },
  "dependencies": {
    "@mdn/browser-compat-data": {
      "version": "5.2.61",
      "resolved": "https://registry.npmjs.org/@mdn/browser-compat-data/-/browser-compat-data-5.2.61.tgz",
      "integrity": "sha512-jzPrheqEtrnUWWNUS8SFVbQAnoO6rOXetkjiJyzP92UM+BNcyExLD0Qikv9z6TU9D6A9rbXkh3pSmZ5G88d6ew=="
    },
    "caniuse-lite": {
      "version": "1.0.30001492",
      "resolved": "https://registry.npmjs.org/caniuse-lite/-/caniuse-lite-1.0.30001492.tgz",
      "integrity": "sha512-2efF8SAZwgAX1FJr87KWhvuJxnGJKOnctQa8xLOskAXNXq8oiuqgl6u1kk3fFpsp3GgvzlRjiK1sl63hNtFADw=="
    }
  }
}
