{
  "name": "css-browser-support",
  "version": "0.10.0",
  "lockfileVersion": 2,
  "requires": true,
  "packages": {
    "": {
      "name": "css-browser-support",
      "version": "0.10.0",
      "license": "ISC",
      "dependencies": {
        "@mdn/browser-compat-data": "^5.5.19",
        "caniuse-lite": "^1.0.30001606"
      }
    },
    "node_modules/@mdn/browser-compat-data": {
      "version": "5.5.19",
      "resolved": "https://registry.npmjs.org/@mdn/browser-compat-data/-/browser-compat-data-5.5.19.tgz",
      "integrity": "sha512-ntKBZtwWCy4XvJosdTJKqIMdmzgbxjopfoiMxgpzsml3dXqA7MIHCE/amidfQc06a6KvmMrpiVuYHIBt2feDog=="
    },
    "node_modules/caniuse-lite": {
      "version": "1.0.30001606",
      "resolved": "https://registry.npmjs.org/caniuse-lite/-/caniuse-lite-1.0.30001606.tgz",
      "integrity": "sha512-LPbwnW4vfpJId225pwjZJOgX1m9sGfbw/RKJvw/t0QhYOOaTXHvkjVGFGPpvwEzufrjvTlsULnVTxdy4/6cqkg==",
      "funding": [
        {
          "type": "opencollective",
          "url": "https://opencollective.com/browserslist"
        },
        {
          "type": "tidelift",
          "url": "https://tidelift.com/funding/github/npm/caniuse-lite"
        },
        {
          "type": "github",
          "url": "https://github.com/sponsors/ai"
        }
      ]
    }
  },
  "dependencies": {
    "@mdn/browser-compat-data": {
      "version": "5.5.19",
      "resolved": "https://registry.npmjs.org/@mdn/browser-compat-data/-/browser-compat-data-5.5.19.tgz",
      "integrity": "sha512-ntKBZtwWCy4XvJosdTJKqIMdmzgbxjopfoiMxgpzsml3dXqA7MIHCE/amidfQc06a6KvmMrpiVuYHIBt2feDog=="
    },
    "caniuse-lite": {
      "version": "1.0.30001606",
      "resolved": "https://registry.npmjs.org/caniuse-lite/-/caniuse-lite-1.0.30001606.tgz",
      "integrity": "sha512-LPbwnW4vfpJId225pwjZJOgX1m9sGfbw/RKJvw/t0QhYOOaTXHvkjVGFGPpvwEzufrjvTlsULnVTxdy4/6cqkg=="
    }
  }
}
